
Microsoft Visual Studio Solution File, Format Version 12.00
# Visual Studio 15
VisualStudioVersion = 15.0.27004.2002
MinimumVisualStudioVersion = 10.0.40219.1
Project("{8BC9CEB8-8B4A-11D0-8D11-00A0C91BC942}") = "T", "T\T.vcxproj", "{38A5239C-A80E-424F-AF79-F349A02EE467}"
EndProject
Global
	GlobalSection(SolutionConfigurationPlatforms) = preSolution
		Debug|x64 = Debug|x64
		Debug|x86 = Debug|x86
		Release|x64 = Release|x64
		Release|x86 = Release|x86
	EndGlobalSection
	GlobalSection(ProjectConfigurationPlatforms) = postSolution
		{38A5239C-A80E-424F-AF79-F349A02EE467}.Debug|x64.ActiveCfg = Debug|x64
		{38A5239C-A80E-424F-AF79-F349A02EE467}.Debug|x64.Build.0 = Debug|x64
		{38A5239C-A80E-424F-AF79-F349A02EE467}.Debug|x86.ActiveCfg = Debug|Win32
		{38A5239C-A80E-424F-AF79-F349A02EE467}.Debug|x86.Build.0 = Debug|Win32
		{38A5239C-A80E-424F-AF79-F349A02EE467}.Release|x64.ActiveCfg = Release|x64
		{38A5239C-A80E-424F-AF79-F349A02EE467}.Release|x64.Build.0 = Release|x64
		{38A5239C-A80E-424F-AF79-F349A02EE467}.Release|x86.ActiveCfg = Release|Win32
		{38A5239C-A80E-424F-AF79-F349A02EE467}.Release|x86.Build.0 = Release|Win32
	EndGlobalSection
	GlobalSection(SolutionProperties) = preSolution
		HideSolutionNode = FALSE
	EndGlobalSection
	GlobalSection(ExtensibilityGlobals) = postSolution
		SolutionGuid = {04ACF662-233B-4FAA-9FE3-AE08D240A79E}
	EndGlobalSection
EndGlobal
